
Microsoft Visual Studio Solution File, Format Version 12.00
# Visual Studio Version 17
VisualStudioVersion = 17.9.34728.123
MinimumVisualStudioVersion = 10.0.40219.1
Project("{FAE04EC0-301F-11D3-BF4B-00C04F79EFBC}") = "NunitDemo", "NunitDemo.csproj", "{DC002F2D-CA88-4294-A276-974B54DFC1B6}"
EndProject
Project("{FAE04EC0-301F-11D3-BF4B-00C04F79EFBC}") = "TestClass", "..\TestClass\TestClass.csproj", "{7C0C88F2-C552-4EE3-B120-FDB25A92E709}"
EndProject
Global
	GlobalSection(SolutionConfigurationPlatforms) = preSolution
		Debug|Any CPU = Debug|Any CPU
		Release|Any CPU = Release|Any CPU
	EndGlobalSection
	GlobalSection(ProjectConfigurationPlatforms) = postSolution
		{DC002F2D-CA88-4294-A276-974B54DFC1B6}.Debug|Any CPU.ActiveCfg = Debug|Any CPU
		{DC002F2D-CA88-4294-A276-974B54DFC1B6}.Debug|Any CPU.Build.0 = Debug|Any CPU
		{DC002F2D-CA88-4294-A276-974B54DFC1B6}.Release|Any CPU.ActiveCfg = Release|Any CPU
		{DC002F2D-CA88-4294-A276-974B54DFC1B6}.Release|Any CPU.Build.0 = Release|Any CPU
		{7C0C88F2-C552-4EE3-B120-FDB25A92E709}.Debug|Any CPU.ActiveCfg = Debug|Any CPU
		{7C0C88F2-C552-4EE3-B120-FDB25A92E709}.Debug|Any CPU.Build.0 = Debug|Any CPU
		{7C0C88F2-C552-4EE3-B120-FDB25A92E709}.Release|Any CPU.ActiveCfg = Release|Any CPU
		{7C0C88F2-C552-4EE3-B120-FDB25A92E709}.Release|Any CPU.Build.0 = Release|Any CPU
	EndGlobalSection
	GlobalSection(SolutionProperties) = preSolution
		HideSolutionNode = FALSE
	EndGlobalSection
	GlobalSection(ExtensibilityGlobals) = postSolution
		SolutionGuid = {B584450F-7BC9-43B4-BF72-05865043F8B6}
	EndGlobalSection
EndGlobal
